
Microsoft Visual Studio Solution File, Format Version 12.00
# Visual Studio Version 17
VisualStudioVersion = 17.0.31903.59
MinimumVisualStudioVersion = 10.0.40219.1
Project("{FAE04EC0-301F-11D3-BF4B-00C04F79EFBC}") = "WorldForge.Dominio", "LoreWeaver.Dominio\LoreWeaver.Dominio.csproj", "{0556DB9C-1868-4B65-A068-6C756281AA9D}"
EndProject
Project("{FAE04EC0-301F-11D3-BF4B-00C04F79EFBC}") = "LoreWeaver.Repository", "LoreWeaver.Repository\LoreWeaver.Repository.csproj", "{10D91090-73B4-4A1C-9999-903CDB7F0703}"
EndProject
Project("{FAE04EC0-301F-11D3-BF4B-00C04F79EFBC}") = "LoreWeaver.Application", "LoreWeaver.Application\LoreWeaver.Application.csproj", "{CFA69031-C21D-4781-8431-E0F508621A78}"
EndProject
Project("{FAE04EC0-301F-11D3-BF4B-00C04F79EFBC}") = "LoreWeaver.API", "LoreWeaver.API\LoreWeaver.API.csproj", "{AB6F3650-04EE-4279-99FA-E4ADCF07D97B}"
EndProject
Project("{FAE04EC0-301F-11D3-BF4B-00C04F79EFBC}") = "LoreWeaver.Services", "LoreWeaver.Services\LoreWeaver.Services.csproj", "{4613CA38-D329-436C-9845-4F7636BDA62F}"
EndProject
Global
	GlobalSection(SolutionConfigurationPlatforms) = preSolution
		Debug|Any CPU = Debug|Any CPU
		Release|Any CPU = Release|Any CPU
	EndGlobalSection
	GlobalSection(SolutionProperties) = preSolution
		HideSolutionNode = FALSE
	EndGlobalSection
	GlobalSection(ProjectConfigurationPlatforms) = postSolution
		{0556DB9C-1868-4B65-A068-6C756281AA9D}.Debug|Any CPU.ActiveCfg = Debug|Any CPU
		{0556DB9C-1868-4B65-A068-6C756281AA9D}.Debug|Any CPU.Build.0 = Debug|Any CPU
		{0556DB9C-1868-4B65-A068-6C756281AA9D}.Release|Any CPU.ActiveCfg = Release|Any CPU
		{0556DB9C-1868-4B65-A068-6C756281AA9D}.Release|Any CPU.Build.0 = Release|Any CPU
		{10D91090-73B4-4A1C-9999-903CDB7F0703}.Debug|Any CPU.ActiveCfg = Debug|Any CPU
		{10D91090-73B4-4A1C-9999-903CDB7F0703}.Debug|Any CPU.Build.0 = Debug|Any CPU
		{10D91090-73B4-4A1C-9999-903CDB7F0703}.Release|Any CPU.ActiveCfg = Release|Any CPU
		{10D91090-73B4-4A1C-9999-903CDB7F0703}.Release|Any CPU.Build.0 = Release|Any CPU
		{CFA69031-C21D-4781-8431-E0F508621A78}.Debug|Any CPU.ActiveCfg = Debug|Any CPU
		{CFA69031-C21D-4781-8431-E0F508621A78}.Debug|Any CPU.Build.0 = Debug|Any CPU
		{CFA69031-C21D-4781-8431-E0F508621A78}.Release|Any CPU.ActiveCfg = Release|Any CPU
		{CFA69031-C21D-4781-8431-E0F508621A78}.Release|Any CPU.Build.0 = Release|Any CPU
		{AB6F3650-04EE-4279-99FA-E4ADCF07D97B}.Debug|Any CPU.ActiveCfg = Debug|Any CPU
		{AB6F3650-04EE-4279-99FA-E4ADCF07D97B}.Debug|Any CPU.Build.0 = Debug|Any CPU
		{AB6F3650-04EE-4279-99FA-E4ADCF07D97B}.Release|Any CPU.ActiveCfg = Release|Any CPU
		{AB6F3650-04EE-4279-99FA-E4ADCF07D97B}.Release|Any CPU.Build.0 = Release|Any CPU
		{4613CA38-D329-436C-9845-4F7636BDA62F}.Debug|Any CPU.ActiveCfg = Debug|Any CPU
		{4613CA38-D329-436C-9845-4F7636BDA62F}.Debug|Any CPU.Build.0 = Debug|Any CPU
		{4613CA38-D329-436C-9845-4F7636BDA62F}.Release|Any CPU.ActiveCfg = Release|Any CPU
		{4613CA38-D329-436C-9845-4F7636BDA62F}.Release|Any CPU.Build.0 = Release|Any CPU
	EndGlobalSection
EndGlobal
